
Microsoft Visual Studio Solution File, Format Version 12.00
# Visual Studio Version 16
VisualStudioVersion = 16.0.29409.12
MinimumVisualStudioVersion = 10.0.40219.1
Project("{FAE04EC0-301F-11D3-BF4B-00C04F79EFBC}") = "TabBarTestApp.Android", "TabBarTestApp.Android\TabBarTestApp.Android.csproj", "{9DE0C590-CA9E-42CB-AF65-D050BA20F2E5}"
EndProject
Project("{FAE04EC0-301F-11D3-BF4B-00C04F79EFBC}") = "TabBarTestApp.iOS", "TabBarTestApp.iOS\TabBarTestApp.iOS.csproj", "{3D432D72-5EE3-4F07-98DA-51C4AB7D3602}"
EndProject
Project("{FAE04EC0-301F-11D3-BF4B-00C04F79EFBC}") = "TabBarTestApp", "TabBarTestApp\TabBarTestApp.csproj", "{94840F87-9B22-4B27-BFB5-472579066E63}"
EndProject
Global
	GlobalSection(SolutionConfigurationPlatforms) = preSolution
		Debug|Any CPU = Debug|Any CPU
		Debug|iPhone = Debug|iPhone
		Debug|iPhoneSimulator = Debug|iPhoneSimulator
		Release|Any CPU = Release|Any CPU
		Release|iPhone = Release|iPhone
		Release|iPhoneSimulator = Release|iPhoneSimulator
	EndGlobalSection
	GlobalSection(ProjectConfigurationPlatforms) = postSolution
		{9DE0C590-CA9E-42CB-AF65-D050BA20F2E5}.Debug|Any CPU.ActiveCfg = Debug|Any CPU
		{9DE0C590-CA9E-42CB-AF65-D050BA20F2E5}.Debug|Any CPU.Build.0 = Debug|Any CPU
		{9DE0C590-CA9E-42CB-AF65-D050BA20F2E5}.Debug|Any CPU.Deploy.0 = Debug|Any CPU
		{9DE0C590-CA9E-42CB-AF65-D050BA20F2E5}.Debug|iPhone.ActiveCfg = Debug|Any CPU
		{9DE0C590-CA9E-42CB-AF65-D050BA20F2E5}.Debug|iPhone.Build.0 = Debug|Any CPU
		{9DE0C590-CA9E-42CB-AF65-D050BA20F2E5}.Debug|iPhone.Deploy.0 = Debug|Any CPU
		{9DE0C590-CA9E-42CB-AF65-D050BA20F2E5}.Debug|iPhoneSimulator.ActiveCfg = Debug|Any CPU
		{9DE0C590-CA9E-42CB-AF65-D050BA20F2E5}.Debug|iPhoneSimulator.Build.0 = Debug|Any CPU
		{9DE0C590-CA9E-42CB-AF65-D050BA20F2E5}.Debug|iPhoneSimulator.Deploy.0 = Debug|Any CPU
		{9DE0C590-CA9E-42CB-AF65-D050BA20F2E5}.Release|Any CPU.ActiveCfg = Release|Any CPU
		{9DE0C590-CA9E-42CB-AF65-D050BA20F2E5}.Release|Any CPU.Build.0 = Release|Any CPU
		{9DE0C590-CA9E-42CB-AF65-D050BA20F2E5}.Release|Any CPU.Deploy.0 = Release|Any CPU
		{9DE0C590-CA9E-42CB-AF65-D050BA20F2E5}.Release|iPhone.ActiveCfg = Release|Any CPU
		{9DE0C590-CA9E-42CB-AF65-D050BA20F2E5}.Release|iPhone.Build.0 = Release|Any CPU
		{9DE0C590-CA9E-42CB-AF65-D050BA20F2E5}.Release|iPhone.Deploy.0 = Release|Any CPU
		{9DE0C590-CA9E-42CB-AF65-D050BA20F2E5}.Release|iPhoneSimulator.ActiveCfg = Release|Any CPU
		{9DE0C590-CA9E-42CB-AF65-D050BA20F2E5}.Release|iPhoneSimulator.Build.0 = Release|Any CPU
		{9DE0C590-CA9E-42CB-AF65-D050BA20F2E5}.Release|iPhoneSimulator.Deploy.0 = Release|Any CPU
		{3D432D72-5EE3-4F07-98DA-51C4AB7D3602}.Debug|Any CPU.ActiveCfg = Debug|iPhoneSimulator
		{3D432D72-5EE3-4F07-98DA-51C4AB7D3602}.Debug|Any CPU.Build.0 = Debug|iPhoneSimulator
		{3D432D72-5EE3-4F07-98DA-51C4AB7D3602}.Debug|Any CPU.Deploy.0 = Debug|iPhoneSimulator
		{3D432D72-5EE3-4F07-98DA-51C4AB7D3602}.Debug|iPhone.ActiveCfg = Debug|iPhone
		{3D432D72-5EE3-4F07-98DA-51C4AB7D3602}.Debug|iPhone.Build.0 = Debug|iPhone
		{3D432D72-5EE3-4F07-98DA-51C4AB7D3602}.Debug|iPhone.Deploy.0 = Debug|iPhone
		{3D432D72-5EE3-4F07-98DA-51C4AB7D3602}.Debug|iPhoneSimulator.ActiveCfg = Debug|iPhoneSimulator
		{3D432D72-5EE3-4F07-98DA-51C4AB7D3602}.Debug|iPhoneSimulator.Build.0 = Debug|iPhoneSimulator
		{3D432D72-5EE3-4F07-98DA-51C4AB7D3602}.Debug|iPhoneSimulator.Deploy.0 = Debug|iPhoneSimulator
		{3D432D72-5EE3-4F07-98DA-51C4AB7D3602}.Release|Any CPU.ActiveCfg = Release|iPhone
		{3D432D72-5EE3-4F07-98DA-51C4AB7D3602}.Release|Any CPU.Build.0 = Release|iPhone
		{3D432D72-5EE3-4F07-98DA-51C4AB7D3602}.Release|Any CPU.Deploy.0 = Release|iPhone
		{3D432D72-5EE3-4F07-98DA-51C4AB7D3602}.Release|iPhone.ActiveCfg = Release|iPhone
		{3D432D72-5EE3-4F07-98DA-51C4AB7D3602}.Release|iPhone.Build.0 = Release|iPhone
		{3D432D72-5EE3-4F07-98DA-51C4AB7D3602}.Release|iPhone.Deploy.0 = Release|iPhone
		{3D432D72-5EE3-4F07-98DA-51C4AB7D3602}.Release|iPhoneSimulator.ActiveCfg = Release|iPhoneSimulator
		{3D432D72-5EE3-4F07-98DA-51C4AB7D3602}.Release|iPhoneSimulator.Build.0 = Release|iPhoneSimulator
		{3D432D72-5EE3-4F07-98DA-51C4AB7D3602}.Release|iPhoneSimulator.Deploy.0 = Release|iPhoneSimulator
		{94840F87-9B22-4B27-BFB5-472579066E63}.Debug|Any CPU.ActiveCfg = Debug|Any CPU
		{94840F87-9B22-4B27-BFB5-472579066E63}.Debug|Any CPU.Build.0 = Debug|Any CPU
		{94840F87-9B22-4B27-BFB5-472579066E63}.Debug|Any CPU.Deploy.0 = Debug|Any CPU
		{94840F87-9B22-4B27-BFB5-472579066E63}.Debug|iPhone.ActiveCfg = Debug|Any CPU
		{94840F87-9B22-4B27-BFB5-472579066E63}.Debug|iPhone.Build.0 = Debug|Any CPU
		{94840F87-9B22-4B27-BFB5-472579066E63}.Debug|iPhone.Deploy.0 = Debug|Any CPU
		{94840F87-9B22-4B27-BFB5-472579066E63}.Debug|iPhoneSimulator.ActiveCfg = Debug|Any CPU
		{94840F87-9B22-4B27-BFB5-472579066E63}.Debug|iPhoneSimulator.Build.0 = Debug|Any CPU
		{94840F87-9B22-4B27-BFB5-472579066E63}.Debug|iPhoneSimulator.Deploy.0 = Debug|Any CPU
		{94840F87-9B22-4B27-BFB5-472579066E63}.Release|Any CPU.ActiveCfg = Release|Any CPU
		{94840F87-9B22-4B27-BFB5-472579066E63}.Release|Any CPU.Build.0 = Release|Any CPU
		{94840F87-9B22-4B27-BFB5-472579066E63}.Release|Any CPU.Deploy.0 = Release|Any CPU
		{94840F87-9B22-4B27-BFB5-472579066E63}.Release|iPhone.ActiveCfg = Release|Any CPU
		{94840F87-9B22-4B27-BFB5-472579066E63}.Release|iPhone.Build.0 = Release|Any CPU
		{94840F87-9B22-4B27-BFB5-472579066E63}.Release|iPhone.Deploy.0 = Release|Any CPU
		{94840F87-9B22-4B27-BFB5-472579066E63}.Release|iPhoneSimulator.ActiveCfg = Release|Any CPU
		{94840F87-9B22-4B27-BFB5-472579066E63}.Release|iPhoneSimulator.Build.0 = Release|Any CPU
		{94840F87-9B22-4B27-BFB5-472579066E63}.Release|iPhoneSimulator.Deploy.0 = Release|Any CPU
	EndGlobalSection
	GlobalSection(SolutionProperties) = preSolution
		HideSolutionNode = FALSE
	EndGlobalSection
	GlobalSection(ExtensibilityGlobals) = postSolution
		SolutionGuid = {658AC1B9-7B93-4FF0-9958-E15C47EC742A}
	EndGlobalSection
EndGlobal
